{
  "name": "quasar-app-extension-histrix-client",
  "version": "0.0.56",
  "lockfileVersion": 1,
  "requires": true,
  "dependencies": {
    "@quasar/quasar-ui-qcalendar": {
      "version": "2.5.0",
      "resolved": "https://registry.npmjs.org/@quasar/quasar-ui-qcalendar/-/quasar-ui-qcalendar-2.5.0.tgz",
      "integrity": "sha512-9glf9JaJUl8PgjOjZ/J7l2yzf0z9SYzKI9JdWVuLfiLyWkGoKor+W+7WpoXEnHQuA2lMrqiZbSWm/5Y1KBrN1A==",
      "requires": {
        "q-colorize-mixin": "^1.0.9",
        "q-theme-mixin": "^1.0.1"
      }
    },
    "@websanova/vue-auth": {
      "version": "3.3.8",
      "resolved": "https://registry.npmjs.org/@websanova/vue-auth/-/vue-auth-3.3.8.tgz",
      "integrity": "sha512-Gnvm8VsS5D0RvCSdaNqOq0dNp4pTScTD4HzX6zaXWjCBz/DG+JYZJwosIEn0o7FZcHMXg8dvGFGRMWpyAtGN+A=="
    },
    "batch-processor": {
      "version": "1.0.0",
      "resolved": "https://registry.npmjs.org/batch-processor/-/batch-processor-1.0.0.tgz",
      "integrity": "sha1-dclcMrdI4IUNEMKxaPa9vpiRrOg="
    },
    "echarts": {
      "version": "4.9.0",
      "resolved": "https://registry.npmjs.org/echarts/-/echarts-4.9.0.tgz",
      "integrity": "sha512-+ugizgtJ+KmsJyyDPxaw2Br5FqzuBnyOWwcxPKO6y0gc5caYcfnEUIlNStx02necw8jmKmTafmpHhGo4XDtEIA==",
      "requires": {
        "zrender": "4.3.2"
      }
    },
    "element-resize-detector": {
      "version": "1.2.3",
      "resolved": "https://registry.npmjs.org/element-resize-detector/-/element-resize-detector-1.2.3.tgz",
      "integrity": "sha512-+dhNzUgLpq9ol5tyhoG7YLoXL3ssjfFW+0gpszXPwRU6NjGr1fVHMEAF8fVzIiRJq57Nre0RFeIjJwI8Nh2NmQ==",
      "requires": {
        "batch-processor": "1.0.0"
      }
    },
    "http-vue-loader": {
      "version": "1.4.2",
      "resolved": "https://registry.npmjs.org/http-vue-loader/-/http-vue-loader-1.4.2.tgz",
      "integrity": "sha512-2a74yfhaMbWv3rVHDGeZFddtIatgzMDiko67u9FHDMIhL3NNEMQNRw1cgyya/Kz8UFKINpb0y+FiImckVQ0RXw=="
    },
    "lodash.throttle": {
      "version": "4.1.1",
      "resolved": "https://registry.npmjs.org/lodash.throttle/-/lodash.throttle-4.1.1.tgz",
      "integrity": "sha1-wj6RtxAkKscMN/HhzaknTMOb8vQ="
    },
    "q-colorize-mixin": {
      "version": "1.0.10",
      "resolved": "https://registry.npmjs.org/q-colorize-mixin/-/q-colorize-mixin-1.0.10.tgz",
      "integrity": "sha512-pqMSb3mxTps0pfKh2zV/7ukgVvrzQT8+Ic2c3PaTkMI5yGPBbBK+t0SgF1ktBJ0PCYFE1bpK1unK20Z2OlTzlg=="
    },
    "q-theme-mixin": {
      "version": "1.0.1",
      "resolved": "https://registry.npmjs.org/q-theme-mixin/-/q-theme-mixin-1.0.1.tgz",
      "integrity": "sha512-rfvSy3p6QY8lgiuGEG+hMu64ovoL+8zcsPIAebL2zOqDGjuetyNIDvr6t8/AxjRMAQj8FaoOp58Z83IkDeUsjg=="
    },
    "quasar-ui-histrix-client": {
      "version": "0.0.56",
      "resolved": "https://registry.npmjs.org/quasar-ui-histrix-client/-/quasar-ui-histrix-client-0.0.56.tgz",
      "integrity": "sha512-GpUy4bkHlYlbGvazP7nIWHh+eZdalqhpYnh36nt8T8yx8XSm6s3nm93L0FPFEMVxgjO6KtwX5OADatLgMy1XDQ==",
      "requires": {
        "@quasar/quasar-ui-qcalendar": "^2.5.0",
        "@websanova/vue-auth": "^3.3.8",
        "echarts": "^4.9.0",
        "http-vue-loader": "^1.4.2",
        "vue-echarts-v3": "^2.0.1",
        "vue-file-agent": "github:safrazik/vue-file-agent",
        "vue-password-strength-meter": "^1.7.2",
        "vue-picture-input": "^2.1.6",
        "vuelidate": "^0.7.6"
      }
    },
    "vue": {
      "version": "2.6.14",
      "resolved": "https://registry.npmjs.org/vue/-/vue-2.6.14.tgz",
      "integrity": "sha512-x2284lgYvjOMj3Za7kqzRcUSxBboHqtgRE2zlos1qWaOye5yUmHn42LB1250NJBLRwEcdrB0JRwyPTEPhfQjiQ=="
    },
    "vue-echarts-v3": {
      "version": "2.0.1",
      "resolved": "https://registry.npmjs.org/vue-echarts-v3/-/vue-echarts-v3-2.0.1.tgz",
      "integrity": "sha512-y8pYNUyX2i/0J76kCNC83KtMYeBlgkCcTS54ETCVsxKqxwtxpH2xnyfSPHktzucbCBR+JSMZGRpjFjBC9B79eg==",
      "requires": {
        "element-resize-detector": "^1.2.3",
        "lodash.throttle": "^4.1.1"
      }
    },
    "vue-file-agent": {
      "version": "github:safrazik/vue-file-agent#f2ba46689e05c3b23876a840f4beb9272422c7fd",
      "from": "github:safrazik/vue-file-agent",
      "requires": {
        "vue": "^2.6.11"
      }
    },
    "vue-password-strength-meter": {
      "version": "1.7.2",
      "resolved": "https://registry.npmjs.org/vue-password-strength-meter/-/vue-password-strength-meter-1.7.2.tgz",
      "integrity": "sha512-S17DsEbXciTcI0fKq1PXia7i3COM/AJOT7os8AVyGxglc5ho1EBssE+ogDa5cFh6Rn8pPgqfVCt/KBcNpgPBiA=="
    },
    "vue-picture-input": {
      "version": "2.1.6",
      "resolved": "https://registry.npmjs.org/vue-picture-input/-/vue-picture-input-2.1.6.tgz",
      "integrity": "sha512-aM5Pyjz3Kup35/6OCjpgA0BEpLTW9YuN7Ds44XLibXZcxnYYLQezmXpb6IXg/orVTMwMLWNpsHCT3wPhLfjdeA=="
    },
    "vuelidate": {
      "version": "0.7.6",
      "resolved": "https://registry.npmjs.org/vuelidate/-/vuelidate-0.7.6.tgz",
      "integrity": "sha512-suzIuet1jGcyZ4oUSW8J27R2tNrJ9cIfklAh63EbAkFjE380iv97BAiIeolRYoB9bF9usBXCu4BxftWN1Dkn3g=="
    },
    "zrender": {
      "version": "4.3.2",
      "resolved": "https://registry.npmjs.org/zrender/-/zrender-4.3.2.tgz",
      "integrity": "sha512-bIusJLS8c4DkIcdiK+s13HiQ/zjQQVgpNohtd8d94Y2DnJqgM1yjh/jpDb8DoL6hd7r8Awagw8e3qK/oLaWr3g=="
    }
  }
}
